
Microsoft Visual Studio Solution File, Format Version 12.00
# Visual Studio Version 16
VisualStudioVersion = 16.0.30413.136
MinimumVisualStudioVersion = 10.0.40219.1
Project("{FAE04EC0-301F-11D3-BF4B-00C04F79EFBC}") = "server-side", "server-side\server-side.csproj", "{B0FCE40E-0A54-489A-AE8D-FCEE51DB5E72}"
EndProject
Global
	GlobalSection(SolutionConfigurationPlatforms) = preSolution
		Debug|Any CPU = Debug|Any CPU
		Release|Any CPU = Release|Any CPU
	EndGlobalSection
	GlobalSection(ProjectConfigurationPlatforms) = postSolution
		{B0FCE40E-0A54-489A-AE8D-FCEE51DB5E72}.Debug|Any CPU.ActiveCfg = Debug|Any CPU
		{B0FCE40E-0A54-489A-AE8D-FCEE51DB5E72}.Debug|Any CPU.Build.0 = Debug|Any CPU
		{B0FCE40E-0A54-489A-AE8D-FCEE51DB5E72}.Release|Any CPU.ActiveCfg = Release|Any CPU
		{B0FCE40E-0A54-489A-AE8D-FCEE51DB5E72}.Release|Any CPU.Build.0 = Release|Any CPU
	EndGlobalSection
	GlobalSection(SolutionProperties) = preSolution
		HideSolutionNode = FALSE
	EndGlobalSection
	GlobalSection(ExtensibilityGlobals) = postSolution
		SolutionGuid = {7AE8031C-B52C-445E-980C-1655A0E91558}
	EndGlobalSection
EndGlobal
